<Solution>
  <Folder Name="/Testes/">
    <Project Path="../../../../../../source/repos/AcademiaDoZe/AcademiaDoZe.Domain.Tests/AcademiaDoZe.Domain.Tests.csproj" Id="4efcbbc9-03a5-468b-95b6-eee125ebc8a6" />
  </Folder>
  <Project Path="../../../../../../source/repos/AcademiaDoZe/AcademiaDoZe.Domain/AcademiaDoZe.Domain.csproj" />
  <Project Path="../../../../../../source/repos/AcademiaDoZe/AcamiaDoZe.Infrastructure/AcamiaDoZe.Infrastructure.csproj" Id="6fbe55e8-7b2e-4a49-a596-c1474fec2142" />
</Solution>
