<Solution>
  <Folder Name="/Testes/">
    <Project Path="AcademiaDoZe.Domain.Tests/AcademiaDoZe.Domain.Tests.csproj" />
    <Project Path="AcademiaDoZe.Infrastructure.Tests/AcademiaDoZe.Infrastructure.Tests.csproj" Id="da697eda-e6a6-41b6-a961-bfe2691d0b9c" />
  </Folder>
  <Project Path="AcademiaDoZe.Domain/AcademiaDoZe.Domain.csproj" />
  <Project Path="AcademiaDoZe.Infrastructure/AcamiaDoZe.Infrastructure.csproj" />
</Solution>
